
Microsoft Visual Studio Solution File, Format Version 12.00
# Visual Studio Version 16
VisualStudioVersion = 16.0.31624.102
MinimumVisualStudioVersion = 10.0.40219.1
Project("{FAE04EC0-301F-11D3-BF4B-00C04F79EFBC}") = "WordAddIn1", "WordAddIn1\WordAddIn1.csproj", "{3D0649CA-07EC-404C-B683-0D6C75D7AF85}"
EndProject
Global
	GlobalSection(SolutionConfigurationPlatforms) = preSolution
		Debug|Any CPU = Debug|Any CPU
		Release|Any CPU = Release|Any CPU
	EndGlobalSection
	GlobalSection(ProjectConfigurationPlatforms) = postSolution
		{3D0649CA-07EC-404C-B683-0D6C75D7AF85}.Debug|Any CPU.ActiveCfg = Debug|Any CPU
		{3D0649CA-07EC-404C-B683-0D6C75D7AF85}.Debug|Any CPU.Build.0 = Debug|Any CPU
		{3D0649CA-07EC-404C-B683-0D6C75D7AF85}.Release|Any CPU.ActiveCfg = Release|Any CPU
		{3D0649CA-07EC-404C-B683-0D6C75D7AF85}.Release|Any CPU.Build.0 = Release|Any CPU
	EndGlobalSection
	GlobalSection(SolutionProperties) = preSolution
		HideSolutionNode = FALSE
	EndGlobalSection
	GlobalSection(ExtensibilityGlobals) = postSolution
		SolutionGuid = {16DD9F7D-9260-40BA-8CD1-5231F5DE24FB}
	EndGlobalSection
EndGlobal
